Microsoft Visual Studio Solution File, Format Version 12.00
# Visual Studio Version 17
VisualStudioVersion = 17.0.31903.59
MinimumVisualStudioVersion = 10.0.40219.1
Project("{FAE04EC0-301F-11D3-BF4B-00C04F79EFBC}") = "UstcCourseAssistant", "src\UstcCourseAssistant\UstcCourseAssistant.csproj", "{00F30924-799C-4395-9761-5FD9C7BD43AC}"
EndProject
Project("{FAE04EC0-301F-11D3-BF4B-00C04F79EFBC}") = "UstcCourseAssistant.Route2", "src\UstcCourseAssistant.Route2\UstcCourseAssistant.Route2.csproj", "{2711109C-A15D-4F2C-B704-80424212AEBC}"
EndProject
Project("{FAE04EC0-301F-11D3-BF4B-00C04F79EFBC}") = "UstcCourseAssistant.Route2.EngineChecks", "tests\UstcCourseAssistant.Route2.EngineChecks\UstcCourseAssistant.Route2.EngineChecks.csproj", "{2E329F13-A96D-46D1-8ADF-8226EA7176F0}"
EndProject
Global
	GlobalSection(SolutionConfigurationPlatforms) = preSolution
		Debug|Any CPU = Debug|Any CPU
		Release|Any CPU = Release|Any CPU
	EndGlobalSection
	GlobalSection(ProjectConfigurationPlatforms) = postSolution
		{00F30924-799C-4395-9761-5FD9C7BD43AC}.Debug|Any CPU.ActiveCfg = Debug|Any CPU
		{00F30924-799C-4395-9761-5FD9C7BD43AC}.Debug|Any CPU.Build.0 = Debug|Any CPU
		{00F30924-799C-4395-9761-5FD9C7BD43AC}.Release|Any CPU.ActiveCfg = Release|Any CPU
		{00F30924-799C-4395-9761-5FD9C7BD43AC}.Release|Any CPU.Build.0 = Release|Any CPU
		{2711109C-A15D-4F2C-B704-80424212AEBC}.Debug|Any CPU.ActiveCfg = Debug|Any CPU
		{2711109C-A15D-4F2C-B704-80424212AEBC}.Debug|Any CPU.Build.0 = Debug|Any CPU
		{2711109C-A15D-4F2C-B704-80424212AEBC}.Release|Any CPU.ActiveCfg = Release|Any CPU
		{2711109C-A15D-4F2C-B704-80424212AEBC}.Release|Any CPU.Build.0 = Release|Any CPU
		{2E329F13-A96D-46D1-8ADF-8226EA7176F0}.Debug|Any CPU.ActiveCfg = Debug|Any CPU
		{2E329F13-A96D-46D1-8ADF-8226EA7176F0}.Debug|Any CPU.Build.0 = Debug|Any CPU
		{2E329F13-A96D-46D1-8ADF-8226EA7176F0}.Release|Any CPU.ActiveCfg = Release|Any CPU
		{2E329F13-A96D-46D1-8ADF-8226EA7176F0}.Release|Any CPU.Build.0 = Release|Any CPU
	EndGlobalSection
EndGlobal

